Microsoft Visual Studio Solution File, Format Version 12.00
# Visual Studio Version 17
VisualStudioVersion = 17.5.2.0
MinimumVisualStudioVersion = 10.0.40219.1
Project("{FAE04EC0-301F-11D3-BF4B-00C04F79EFBC}") = "Lab1", "Lab1\Lab1.csproj", "{4C38379F-6B46-EF58-4F1F-EC66EF1F7497}"
EndProject
Project("{FAE04EC0-301F-11D3-BF4B-00C04F79EFBC}") = "Lab2", "Lab2\Lab2.csproj", "{9B7CAF98-22D6-4425-8185-D14441F0099C}"
EndProject
Project("{FAE04EC0-301F-11D3-BF4B-00C04F79EFBC}") = "Lab3", "Lab3\Lab3.csproj", "{A0BC6E3F-2535-4BC4-B4A3-631BB1AD7E29}"
EndProject
Project("{FAE04EC0-301F-11D3-BF4B-00C04F79EFBC}") = "Lab4", "Lab4\Lab4.csproj", "{AF4F28D4-536F-4B24-AD1F-744455440E57}"
EndProject
Project("{FAE04EC0-301F-11D3-BF4B-00C04F79EFBC}") = "Lab5", "Lab5\Lab5.csproj", "{B7472276-D7AE-4854-8278-3E9CDFFD453A}"
EndProject
Project("{FAE04EC0-301F-11D3-BF4B-00C04F79EFBC}") = "Lab6", "Lab6\Lab6.csproj", "{4849C2F5-D233-405F-98E1-EA361B93BFD4}"
EndProject
Project("{FAE04EC0-301F-11D3-BF4B-00C04F79EFBC}") = "Lab7", "Lab7\Lab7.csproj", "{31E236A9-DEDF-4A26-8F9D-54DBEFECC577}"
EndProject
Project("{FAE04EC0-301F-11D3-BF4B-00C04F79EFBC}") = "Lab8", "Lab8\Lab8.csproj", "{13AB7A61-AB5D-487B-8E01-8160034B4F92}"
EndProject
Global
	GlobalSection(SolutionConfigurationPlatforms) = preSolution
		Debug|Any CPU = Debug|Any CPU
		Release|Any CPU = Release|Any CPU
	EndGlobalSection
	GlobalSection(ProjectConfigurationPlatforms) = postSolution
		{4C38379F-6B46-EF58-4F1F-EC66EF1F7497}.Debug|Any CPU.ActiveCfg = Debug|Any CPU
		{4C38379F-6B46-EF58-4F1F-EC66EF1F7497}.Debug|Any CPU.Build.0 = Debug|Any CPU
		{4C38379F-6B46-EF58-4F1F-EC66EF1F7497}.Release|Any CPU.ActiveCfg = Release|Any CPU
		{4C38379F-6B46-EF58-4F1F-EC66EF1F7497}.Release|Any CPU.Build.0 = Release|Any CPU
		{9B7CAF98-22D6-4425-8185-D14441F0099C}.Debug|Any CPU.ActiveCfg = Debug|Any CPU
		{9B7CAF98-22D6-4425-8185-D14441F0099C}.Debug|Any CPU.Build.0 = Debug|Any CPU
		{9B7CAF98-22D6-4425-8185-D14441F0099C}.Release|Any CPU.ActiveCfg = Release|Any CPU
		{9B7CAF98-22D6-4425-8185-D14441F0099C}.Release|Any CPU.Build.0 = Release|Any CPU
		{A0BC6E3F-2535-4BC4-B4A3-631BB1AD7E29}.Debug|Any CPU.ActiveCfg = Debug|Any CPU
		{A0BC6E3F-2535-4BC4-B4A3-631BB1AD7E29}.Debug|Any CPU.Build.0 = Debug|Any CPU
		{A0BC6E3F-2535-4BC4-B4A3-631BB1AD7E29}.Release|Any CPU.ActiveCfg = Release|Any CPU
		{A0BC6E3F-2535-4BC4-B4A3-631BB1AD7E29}.Release|Any CPU.Build.0 = Release|Any CPU
		{AF4F28D4-536F-4B24-AD1F-744455440E57}.Debug|Any CPU.ActiveCfg = Debug|Any CPU
		{AF4F28D4-536F-4B24-AD1F-744455440E57}.Debug|Any CPU.Build.0 = Debug|Any CPU
		{AF4F28D4-536F-4B24-AD1F-744455440E57}.Release|Any CPU.ActiveCfg = Release|Any CPU
		{AF4F28D4-536F-4B24-AD1F-744455440E57}.Release|Any CPU.Build.0 = Release|Any CPU
		{B7472276-D7AE-4854-8278-3E9CDFFD453A}.Debug|Any CPU.ActiveCfg = Debug|Any CPU
		{B7472276-D7AE-4854-8278-3E9CDFFD453A}.Debug|Any CPU.Build.0 = Debug|Any CPU
		{B7472276-D7AE-4854-8278-3E9CDFFD453A}.Release|Any CPU.ActiveCfg = Release|Any CPU
		{B7472276-D7AE-4854-8278-3E9CDFFD453A}.Release|Any CPU.Build.0 = Release|Any CPU
		{4849C2F5-D233-405F-98E1-EA361B93BFD4}.Debug|Any CPU.ActiveCfg = Debug|Any CPU
		{4849C2F5-D233-405F-98E1-EA361B93BFD4}.Debug|Any CPU.Build.0 = Debug|Any CPU
		{4849C2F5-D233-405F-98E1-EA361B93BFD4}.Release|Any CPU.ActiveCfg = Release|Any CPU
		{4849C2F5-D233-405F-98E1-EA361B93BFD4}.Release|Any CPU.Build.0 = Release|Any CPU
		{31E236A9-DEDF-4A26-8F9D-54DBEFECC577}.Debug|Any CPU.ActiveCfg = Debug|Any CPU
		{31E236A9-DEDF-4A26-8F9D-54DBEFECC577}.Debug|Any CPU.Build.0 = Debug|Any CPU
		{31E236A9-DEDF-4A26-8F9D-54DBEFECC577}.Release|Any CPU.ActiveCfg = Release|Any CPU
		{31E236A9-DEDF-4A26-8F9D-54DBEFECC577}.Release|Any CPU.Build.0 = Release|Any CPU
		{13AB7A61-AB5D-487B-8E01-8160034B4F92}.Debug|Any CPU.ActiveCfg = Debug|Any CPU
		{13AB7A61-AB5D-487B-8E01-8160034B4F92}.Debug|Any CPU.Build.0 = Debug|Any CPU
		{13AB7A61-AB5D-487B-8E01-8160034B4F92}.Release|Any CPU.ActiveCfg = Release|Any CPU
		{13AB7A61-AB5D-487B-8E01-8160034B4F92}.Release|Any CPU.Build.0 = Release|Any CPU
	EndGlobalSection
	GlobalSection(SolutionProperties) = preSolution
		HideSolutionNode = FALSE
	EndGlobalSection
	GlobalSection(ExtensibilityGlobals) = postSolution
		SolutionGuid = {61AB89E3-CA67-46A2-A6C7-954739B1F9BF}
	EndGlobalSection
EndGlobal
